// !$*UTF8*$!
{
	archiveVersion = 1;
	classes = {
	};
	objectVersion = 46;
	objects = {

/* Begin PBXBuildFile section */
		0AB449F81E918AE800957285 /* AppDelegate.swift in Sources */ = {isa = PBXBuildFile; fileRef = 0AB449F71E918AE800957285 /* AppDelegate.swift */; };
		0AB449FA1E918AE800957285 /* ViewController.swift in Sources */ = {isa = PBXBuildFile; fileRef = 0AB449F91E918AE800957285 /* ViewController.swift */; };
		0AB449FD1E918AE800957285 /* Main.storyboard in Resources */ = {isa = PBXBuildFile; fileRef = 0AB449FB1E918AE800957285 /* Main.storyboard */; };
		0AB449FF1E918AE800957285 /* Assets.xcassets in Resources */ = {isa = PBXBuildFile; fileRef = 0AB449FE1E918AE800957285 /* Assets.xcassets */; };
		0AB44A021E918AE800957285 /* LaunchScreen.storyboard in Resources */ = {isa = PBXBuildFile; fileRef = 0AB44A001E918AE800957285 /* LaunchScreen.storyboard */; };
		0AB44A0D1E918AE800957285 /* GetThereTests.swift in Sources */ = {isa = PBXBuildFile; fileRef = 0AB44A0C1E918AE800957285 /* GetThereTests.swift */; };
		0AB44A181E918AE800957285 /* GetThereUITests.swift in Sources */ = {isa = PBXBuildFile; fileRef = 0AB44A171E918AE800957285 /* GetThereUITests.swift */; };
		0AB44A3D1E918D5500957285 /* GoogleService-Info.plist in Resources */ = {isa = PBXBuildFile; fileRef = 0AB44A3C1E918D5500957285 /* GoogleService-Info.plist */; };
		0AB44A4D1E918DEB00957285 /* FirebaseAnalytics.framework in Frameworks */ = {isa = PBXBuildFile; fileRef = 0AB44A481E918DEB00957285 /* FirebaseAnalytics.framework */; };
		0AB44A4E1E918DEB00957285 /* FirebaseCore.framework in Frameworks */ = {isa = PBXBuildFile; fileRef = 0AB44A491E918DEB00957285 /* FirebaseCore.framework */; };
		0AB44A4F1E918DEB00957285 /* FirebaseDatabase.framework in Frameworks */ = {isa = PBXBuildFile; fileRef = 0AB44A4A1E918DEB00957285 /* FirebaseDatabase.framework */; };
		0AB44A501E918DEB00957285 /* FirebaseInstanceID.framework in Frameworks */ = {isa = PBXBuildFile; fileRef = 0AB44A4B1E918DEB00957285 /* FirebaseInstanceID.framework */; };
		0AB44A511E918DEB00957285 /* GoogleToolboxForMac.framework in Frameworks */ = {isa = PBXBuildFile; fileRef = 0AB44A4C1E918DEB00957285 /* GoogleToolboxForMac.framework */; };
		0AB44A621E91971200957285 /* GetThereUI.framework in Frameworks */ = {isa = PBXBuildFile; fileRef = 0AB44A591E91971200957285 /* GetThereUI.framework */; };
		0AB44A691E91971200957285 /* GetThereUITests.swift in Sources */ = {isa = PBXBuildFile; fileRef = 0AB44A681E91971200957285 /* GetThereUITests.swift */; };
		0AB44A6B1E91971200957285 /* GetThereUI.h in Headers */ = {isa = PBXBuildFile; fileRef = 0AB44A5B1E91971200957285 /* GetThereUI.h */; settings = {ATTRIBUTES = (Public, ); }; };
		0AB44A6E1E91971200957285 /* GetThereUI.framework in Frameworks */ = {isa = PBXBuildFile; fileRef = 0AB44A591E91971200957285 /* GetThereUI.framework */; };
		0AB44A6F1E91971200957285 /* GetThereUI.framework in Embed Frameworks */ = {isa = PBXBuildFile; fileRef = 0AB44A591E91971200957285 /* GetThereUI.framework */; settings = {ATTRIBUTES = (CodeSignOnCopy, RemoveHeadersOnCopy, ); }; };
		0AB44A781E91975000957285 /* PaintedView.swift in Sources */ = {isa = PBXBuildFile; fileRef = 0AB44A771E91975000957285 /* PaintedView.swift */; };
		0AB44A7C1E91984700957285 /* Paint.swift in Sources */ = {isa = PBXBuildFile; fileRef = 0AB44A7B1E91984700957285 /* Paint.swift */; };
		0AB44A7F1E919B8300957285 /* FirebaseAuth.framework in Frameworks */ = {isa = PBXBuildFile; fileRef = 0AB44A7D1E919B8300957285 /* FirebaseAuth.framework */; };
		0AB44A801E919B8300957285 /* GTMSessionFetcher.framework in Frameworks */ = {isa = PBXBuildFile; fileRef = 0AB44A7E1E919B8300957285 /* GTMSessionFetcher.framework */; };
		0AB44A821E91A34400957285 /* CoreLocation.framework in Frameworks */ = {isa = PBXBuildFile; fileRef = 0AB44A811E91A34400957285 /* CoreLocation.framework */; };
/* End PBXBuildFile section */

/* Begin PBXContainerItemProxy section */
		0AB44A091E918AE800957285 /* PBXContainerItemProxy */ = {
			isa = PBXContainerItemProxy;
			containerPortal = 0AB449EC1E918AE800957285 /* Project object */;
			proxyType = 1;
			remoteGlobalIDString = 0AB449F31E918AE800957285;
			remoteInfo = GetThere;
		};
		0AB44A141E918AE800957285 /* PBXContainerItemProxy */ = {
			isa = PBXContainerItemProxy;
			containerPortal = 0AB449EC1E918AE800957285 /* Project object */;
			proxyType = 1;
			remoteGlobalIDString = 0AB449F31E918AE800957285;
			remoteInfo = GetThere;
		};
		0AB44A631E91971200957285 /* PBXContainerItemProxy */ = {
			isa = PBXContainerItemProxy;
			containerPortal = 0AB449EC1E918AE800957285 /* Project object */;
			proxyType = 1;
			remoteGlobalIDString = 0AB44A581E91971200957285;
			remoteInfo = GetThereUI;
		};
		0AB44A651E91971200957285 /* PBXContainerItemProxy */ = {
			isa = PBXContainerItemProxy;
			containerPortal = 0AB449EC1E918AE800957285 /* Project object */;
			proxyType = 1;
			remoteGlobalIDString = 0AB449F31E918AE800957285;
			remoteInfo = GetThere;
		};
		0AB44A6C1E91971200957285 /* PBXContainerItemProxy */ = {
			isa = PBXContainerItemProxy;
			containerPortal = 0AB449EC1E918AE800957285 /* Project object */;
			proxyType = 1;
			remoteGlobalIDString = 0AB44A581E91971200957285;
			remoteInfo = GetThereUI;
		};
/* End PBXContainerItemProxy section */

/* Begin PBXCopyFilesBuildPhase section */
		0AB44A731E91971200957285 /* Embed Frameworks */ = {
			isa = PBXCopyFilesBuildPhase;
			buildActionMask = 2147483647;
			dstPath = "";
			dstSubfolderSpec = 10;
			files = (
				0AB44A6F1E91971200957285 /* GetThereUI.framework in Embed Frameworks */,
			);
			name = "Embed Frameworks";
			runOnlyForDeploymentPostprocessing = 0;
		};
/* End PBXCopyFilesBuildPhase section */

/* Begin PBXFileReference section */
		0AB449F41E918AE800957285 /* GetThere.app */ = {isa = PBXFileReference; explicitFileType = wrapper.application; includeInIndex = 0; path = GetThere.app; sourceTree = BUILT_PRODUCTS_DIR; };
		0AB449F71E918AE800957285 /* AppDelegate.swift */ = {isa = PBXFileReference; lastKnownFileType = sourcecode.swift; path = AppDelegate.swift; sourceTree = "<group>"; };
		0AB449F91E918AE800957285 /* ViewController.swift */ = {isa = PBXFileReference; lastKnownFileType = sourcecode.swift; path = ViewController.swift; sourceTree = "<group>"; };
		0AB449FC1E918AE800957285 /* Base */ = {isa = PBXFileReference; lastKnownFileType = file.storyboard; name = Base; path = Base.lproj/Main.storyboard; sourceTree = "<group>"; };
		0AB449FE1E918AE800957285 /* Assets.xcassets */ = {isa = PBXFileReference; lastKnownFileType = folder.assetcatalog; path = Assets.xcassets; sourceTree = "<group>"; };
		0AB44A011E918AE800957285 /* Base */ = {isa = PBXFileReference; lastKnownFileType = file.storyboard; name = Base; path = Base.lproj/LaunchScreen.storyboard; sourceTree = "<group>"; };
		0AB44A031E918AE800957285 /* Info.plist */ = {isa = PBXFileReference; lastKnownFileType = text.plist.xml; path = Info.plist; sourceTree = "<group>"; };
		0AB44A081E918AE800957285 /* GetThereTests.xctest */ = {isa = PBXFileReference; explicitFileType = wrapper.cfbundle; includeInIndex = 0; path = GetThereTests.xctest; sourceTree = BUILT_PRODUCTS_DIR; };
		0AB44A0C1E918AE800957285 /* GetThereTests.swift */ = {isa = PBXFileReference; lastKnownFileType = sourcecode.swift; path = GetThereTests.swift; sourceTree = "<group>"; };
		0AB44A0E1E918AE800957285 /* Info.plist */ = {isa = PBXFileReference; lastKnownFileType = text.plist.xml; path = Info.plist; sourceTree = "<group>"; };
		0AB44A131E918AE800957285 /* GetThereUITests.xctest */ = {isa = PBXFileReference; explicitFileType = wrapper.cfbundle; includeInIndex = 0; path = GetThereUITests.xctest; sourceTree = BUILT_PRODUCTS_DIR; };
		0AB44A171E918AE800957285 /* GetThereUITests.swift */ = {isa = PBXFileReference; lastKnownFileType = sourcecode.swift; path = GetThereUITests.swift; sourceTree = "<group>"; };
		0AB44A191E918AE800957285 /* Info.plist */ = {isa = PBXFileReference; lastKnownFileType = text.plist.xml; path = Info.plist; sourceTree = "<group>"; };
		0AB44A341E918BEE00957285 /* libsqlite3.tbd */ = {isa = PBXFileReference; lastKnownFileType = "sourcecode.text-based-dylib-definition"; name = libsqlite3.tbd; path = usr/lib/libsqlite3.tbd; sourceTree = SDKROOT; };
		0AB44A361E918CCC00957285 /* libz.tbd */ = {isa = PBXFileReference; lastKnownFileType = "sourcecode.text-based-dylib-definition"; name = libz.tbd; path = usr/lib/libz.tbd; sourceTree = SDKROOT; };
		0AB44A381E918CD800957285 /* AddressBook.framework */ = {isa = PBXFileReference; lastKnownFileType = wrapper.framework; name = AddressBook.framework; path = System/Library/Frameworks/AddressBook.framework; sourceTree = SDKROOT; };
		0AB44A3A1E918D0E00957285 /* SystemConfiguration.framework */ = {isa = PBXFileReference; lastKnownFileType = wrapper.framework; name = SystemConfiguration.framework; path = System/Library/Frameworks/SystemConfiguration.framework; sourceTree = SDKROOT; };
		0AB44A3C1E918D5500957285 /* GoogleService-Info.plist */ = {isa = PBXFileReference; fileEncoding = 4; lastKnownFileType = text.plist.xml; path = "GoogleService-Info.plist"; sourceTree = "<group>"; };
		0AB44A3E1E918DDD00957285 /* FirebaseAnalytics.framework */ = {isa = PBXFileReference; lastKnownFileType = wrapper.framework; name = FirebaseAnalytics.framework; path = ../../../Downloads/FirebaseAnalytics.framework; sourceTree = "<group>"; };
		0AB44A3F1E918DDD00957285 /* FirebaseCore.framework */ = {isa = PBXFileReference; lastKnownFileType = wrapper.framework; name = FirebaseCore.framework; path = ../../../Downloads/FirebaseCore.framework; sourceTree = "<group>"; };
		0AB44A401E918DDD00957285 /* FirebaseDatabase.framework */ = {isa = PBXFileReference; lastKnownFileType = wrapper.framework; name = FirebaseDatabase.framework; path = ../../../Downloads/FirebaseDatabase.framework; sourceTree = "<group>"; };
		0AB44A411E918DDD00957285 /* FirebaseInstanceID.framework */ = {isa = PBXFileReference; lastKnownFileType = wrapper.framework; name = FirebaseInstanceID.framework; path = ../../../Downloads/FirebaseInstanceID.framework; sourceTree = "<group>"; };
		0AB44A421E918DDD00957285 /* GoogleToolboxForMac.framework */ = {isa = PBXFileReference; lastKnownFileType = wrapper.framework; name = GoogleToolboxForMac.framework; path = ../../../Downloads/GoogleToolboxForMac.framework; sourceTree = "<group>"; };
		0AB44A481E918DEB00957285 /* FirebaseAnalytics.framework */ = {isa = PBXFileReference; lastKnownFileType = wrapper.framework; path = FirebaseAnalytics.framework; sourceTree = "<group>"; };
		0AB44A491E918DEB00957285 /* FirebaseCore.framework */ = {isa = PBXFileReference; lastKnownFileType = wrapper.framework; path = FirebaseCore.framework; sourceTree = "<group>"; };
		0AB44A4A1E918DEB00957285 /* FirebaseDatabase.framework */ = {isa = PBXFileReference; lastKnownFileType = wrapper.framework; path = FirebaseDatabase.framework; sourceTree = "<group>"; };
		0AB44A4B1E918DEB00957285 /* FirebaseInstanceID.framework */ = {isa = PBXFileReference; lastKnownFileType = wrapper.framework; path = FirebaseInstanceID.framework; sourceTree = "<group>"; };
		0AB44A4C1E918DEB00957285 /* GoogleToolboxForMac.framework */ = {isa = PBXFileReference; lastKnownFileType = wrapper.framework; path = GoogleToolboxForMac.framework; sourceTree = "<group>"; };
		0AB44A521E918E1000957285 /* Firebase.h */ = {isa = PBXFileReference; fileEncoding = 4; lastKnownFileType = sourcecode.c.h; path = Firebase.h; sourceTree = "<group>"; };
		0AB44A531E918E1000957285 /* module.modulemap */ = {isa = PBXFileReference; fileEncoding = 4; lastKnownFileType = "sourcecode.module-map"; path = module.modulemap; sourceTree = "<group>"; };
		0AB44A591E91971200957285 /* GetThereUI.framework */ = {isa = PBXFileReference; explicitFileType = wrapper.framework; includeInIndex = 0; path = GetThereUI.framework; sourceTree = BUILT_PRODUCTS_DIR; };
		0AB44A5B1E91971200957285 /* GetThereUI.h */ = {isa = PBXFileReference; lastKnownFileType = sourcecode.c.h; path = GetThereUI.h; sourceTree = "<group>"; };
		0AB44A5C1E91971200957285 /* Info.plist */ = {isa = PBXFileReference; lastKnownFileType = text.plist.xml; path = Info.plist; sourceTree = "<group>"; };
		0AB44A611E91971200957285 /* GetThereUITests.xctest */ = {isa = PBXFileReference; explicitFileType = wrapper.cfbundle; includeInIndex = 0; path = GetThereUITests.xctest; sourceTree = BUILT_PRODUCTS_DIR; };
		0AB44A681E91971200957285 /* GetThereUITests.swift */ = {isa = PBXFileReference; lastKnownFileType = sourcecode.swift; path = GetThereUITests.swift; sourceTree = "<group>"; };
		0AB44A6A1E91971200957285 /* Info.plist */ = {isa = PBXFileReference; lastKnownFileType = text.plist.xml; path = Info.plist; sourceTree = "<group>"; };
		0AB44A771E91975000957285 /* PaintedView.swift */ = {isa = PBXFileReference; fileEncoding = 4; lastKnownFileType = sourcecode.swift; path = PaintedView.swift; sourceTree = "<group>"; };
		0AB44A7B1E91984700957285 /* Paint.swift */ = {isa = PBXFileReference; fileEncoding = 4; lastKnownFileType = sourcecode.swift; path = Paint.swift; sourceTree = "<group>"; };
		0AB44A7D1E919B8300957285 /* FirebaseAuth.framework */ = {isa = PBXFileReference; lastKnownFileType = wrapper.framework; path = FirebaseAuth.framework; sourceTree = "<group>"; };
		0AB44A7E1E919B8300957285 /* GTMSessionFetcher.framework */ = {isa = PBXFileReference; lastKnownFileType = wrapper.framework; path = GTMSessionFetcher.framework; sourceTree = "<group>"; };
		0AB44A811E91A34400957285 /* CoreLocation.framework */ = {isa = PBXFileReference; lastKnownFileType = wrapper.framework; name = CoreLocation.framework; path = System/Library/Frameworks/CoreLocation.framework; sourceTree = SDKROOT; };
/* End PBXFileReference section */

/* Begin PBXFrameworksBuildPhase section */
		0AB449F11E918AE800957285 /* Frameworks */ = {
			isa = PBXFrameworksBuildPhase;
			buildActionMask = 2147483647;
			files = (
				0AB44A821E91A34400957285 /* CoreLocation.framework in Frameworks */,
				0AB44A4F1E918DEB00957285 /* FirebaseDatabase.framework in Frameworks */,
				0AB44A7F1E919B8300957285 /* FirebaseAuth.framework in Frameworks */,
				0AB44A4E1E918DEB00957285 /* FirebaseCore.framework in Frameworks */,
				0AB44A4D1E918DEB00957285 /* FirebaseAnalytics.framework in Frameworks */,
				0AB44A801E919B8300957285 /* GTMSessionFetcher.framework in Frameworks */,
				0AB44A501E918DEB00957285 /* FirebaseInstanceID.framework in Frameworks */,
				0AB44A6E1E91971200957285 /* GetThereUI.framework in Frameworks */,
				0AB44A511E918DEB00957285 /* GoogleToolboxForMac.framework in Frameworks */,
			);
			runOnlyForDeploymentPostprocessing = 0;
		};
		0AB44A051E918AE800957285 /* Frameworks */ = {
			isa = PBXFrameworksBuildPhase;
			buildActionMask = 2147483647;
			files = (
			);
			runOnlyForDeploymentPostprocessing = 0;
		};
		0AB44A101E918AE800957285 /* Frameworks */ = {
			isa = PBXFrameworksBuildPhase;
			buildActionMask = 2147483647;
			files = (
			);
			runOnlyForDeploymentPostprocessing = 0;
		};
		0AB44A551E91971200957285 /* Frameworks */ = {
			isa = PBXFrameworksBuildPhase;
			buildActionMask = 2147483647;
			files = (
			);
			runOnlyForDeploymentPostprocessing = 0;
		};
		0AB44A5E1E91971200957285 /* Frameworks */ = {
			isa = PBXFrameworksBuildPhase;
			buildActionMask = 2147483647;
			files = (
				0AB44A621E91971200957285 /* GetThereUI.framework in Frameworks */,
			);
			runOnlyForDeploymentPostprocessing = 0;
		};
/* End PBXFrameworksBuildPhase section */

/* Begin PBXGroup section */
		0AB449EB1E918AE800957285 = {
			isa = PBXGroup;
			children = (
				0AB44A5A1E91971200957285 /* GetThereUI */,
				0AB449F61E918AE800957285 /* GetThere */,
				0AB44A0B1E918AE800957285 /* GetThereTests */,
				0AB44A161E918AE800957285 /* GetThereUITests */,
				0AB44A671E91971200957285 /* GetThereUITests */,
				0AB449F51E918AE800957285 /* Products */,
				0AB44A331E918BEE00957285 /* Frameworks */,
			);
			sourceTree = "<group>";
		};
		0AB449F51E918AE800957285 /* Products */ = {
			isa = PBXGroup;
			children = (
				0AB449F41E918AE800957285 /* GetThere.app */,
				0AB44A081E918AE800957285 /* GetThereTests.xctest */,
				0AB44A131E918AE800957285 /* GetThereUITests.xctest */,
				0AB44A591E91971200957285 /* GetThereUI.framework */,
				0AB44A611E91971200957285 /* GetThereUITests.xctest */,
			);
			name = Products;
			sourceTree = "<group>";
		};
		0AB449F61E918AE800957285 /* GetThere */ = {
			isa = PBXGroup;
			children = (
				0AB44A3C1E918D5500957285 /* GoogleService-Info.plist */,
				0AB44A251E918AF500957285 /* Frameworks */,
				0AB449F91E918AE800957285 /* ViewController.swift */,
				0AB449F71E918AE800957285 /* AppDelegate.swift */,
				0AB449FB1E918AE800957285 /* Main.storyboard */,
				0AB449FE1E918AE800957285 /* Assets.xcassets */,
				0AB44A001E918AE800957285 /* LaunchScreen.storyboard */,
				0AB44A031E918AE800957285 /* Info.plist */,
			);
			path = GetThere;
			sourceTree = "<group>";
		};
		0AB44A0B1E918AE800957285 /* GetThereTests */ = {
			isa = PBXGroup;
			children = (
				0AB44A0C1E918AE800957285 /* GetThereTests.swift */,
				0AB44A0E1E918AE800957285 /* Info.plist */,
			);
			path = GetThereTests;
			sourceTree = "<group>";
		};
		0AB44A161E918AE800957285 /* GetThereUITests */ = {
			isa = PBXGroup;
			children = (
				0AB44A171E918AE800957285 /* GetThereUITests.swift */,
				0AB44A191E918AE800957285 /* Info.plist */,
			);
			path = GetThereUITests;
			sourceTree = "<group>";
		};
		0AB44A251E918AF500957285 /* Frameworks */ = {
			isa = PBXGroup;
			children = (
				0AB44A261E918AFB00957285 /* Firebase */,
			);
			name = Frameworks;
			sourceTree = "<group>";
		};
		0AB44A261E918AFB00957285 /* Firebase */ = {
			isa = PBXGroup;
			children = (
				0AB44A521E918E1000957285 /* Firebase.h */,
				0AB44A531E918E1000957285 /* module.modulemap */,
				0AB44A7D1E919B8300957285 /* FirebaseAuth.framework */,
				0AB44A7E1E919B8300957285 /* GTMSessionFetcher.framework */,
				0AB44A481E918DEB00957285 /* FirebaseAnalytics.framework */,
				0AB44A491E918DEB00957285 /* FirebaseCore.framework */,
				0AB44A4A1E918DEB00957285 /* FirebaseDatabase.framework */,
				0AB44A4B1E918DEB00957285 /* FirebaseInstanceID.framework */,
				0AB44A4C1E918DEB00957285 /* GoogleToolboxForMac.framework */,
			);
			name = Firebase;
			sourceTree = "<group>";
		};
		0AB44A331E918BEE00957285 /* Frameworks */ = {
			isa = PBXGroup;
			children = (
				0AB44A811E91A34400957285 /* CoreLocation.framework */,
				0AB44A3E1E918DDD00957285 /* FirebaseAnalytics.framework */,
				0AB44A3F1E918DDD00957285 /* FirebaseCore.framework */,
				0AB44A401E918DDD00957285 /* FirebaseDatabase.framework */,
				0AB44A411E918DDD00957285 /* FirebaseInstanceID.framework */,
				0AB44A421E918DDD00957285 /* GoogleToolboxForMac.framework */,
				0AB44A3A1E918D0E00957285 /* SystemConfiguration.framework */,
				0AB44A381E918CD800957285 /* AddressBook.framework */,
				0AB44A361E918CCC00957285 /* libz.tbd */,
				0AB44A341E918BEE00957285 /* libsqlite3.tbd */,
			);
			name = Frameworks;
			sourceTree = "<group>";
		};
		0AB44A5A1E91971200957285 /* GetThereUI */ = {
			isa = PBXGroup;
			children = (
				0AB44A7B1E91984700957285 /* Paint.swift */,
				0AB44A5B1E91971200957285 /* GetThereUI.h */,
				0AB44A5C1E91971200957285 /* Info.plist */,
				0AB44A771E91975000957285 /* PaintedView.swift */,
			);
			path = GetThereUI;
			sourceTree = "<group>";
		};
		0AB44A671E91971200957285 /* GetThereUITests */ = {
			isa = PBXGroup;
			children = (
				0AB44A681E91971200957285 /* GetThereUITests.swift */,
				0AB44A6A1E91971200957285 /* Info.plist */,
			);
			path = GetThereUITests;
			sourceTree = "<group>";
		};
/* End PBXGroup section */

/* Begin PBXHeadersBuildPhase section */
		0AB44A561E91971200957285 /* Headers */ = {
			isa = PBXHeadersBuildPhase;
			buildActionMask = 2147483647;
			files = (
				0AB44A6B1E91971200957285 /* GetThereUI.h in Headers */,
			);
			runOnlyForDeploymentPostprocessing = 0;
		};
/* End PBXHeadersBuildPhase section */

/* Begin PBXNativeTarget section */
		0AB449F31E918AE800957285 /* GetThere */ = {
			isa = PBXNativeTarget;
			buildConfigurationList = 0AB44A1C1E918AE800957285 /* Build configuration list for PBXNativeTarget "GetThere" */;
			buildPhases = (
				0AB449F01E918AE800957285 /* Sources */,
				0AB449F11E918AE800957285 /* Frameworks */,
				0AB449F21E918AE800957285 /* Resources */,
				0AB44A731E91971200957285 /* Embed Frameworks */,
			);
			buildRules = (
			);
			dependencies = (
				0AB44A6D1E91971200957285 /* PBXTargetDependency */,
			);
			name = GetThere;
			productName = GetThere;
			productReference = 0AB449F41E918AE800957285 /* GetThere.app */;
			productType = "com.apple.product-type.application";
		};
		0AB44A071E918AE800957285 /* GetThereTests */ = {
			isa = PBXNativeTarget;
			buildConfigurationList = 0AB44A1F1E918AE800957285 /* Build configuration list for PBXNativeTarget "GetThereTests" */;
			buildPhases = (
				0AB44A041E918AE800957285 /* Sources */,
				0AB44A051E918AE800957285 /* Frameworks */,
				0AB44A061E918AE800957285 /* Resources */,
			);
			buildRules = (
			);
			dependencies = (
				0AB44A0A1E918AE800957285 /* PBXTargetDependency */,
			);
			name = GetThereTests;
			productName = GetThereTests;
			productReference = 0AB44A081E918AE800957285 /* GetThereTests.xctest */;
			productType = "com.apple.product-type.bundle.unit-test";
		};
		0AB44A121E918AE800957285 /* GetThereUITests */ = {
			isa = PBXNativeTarget;
			buildConfigurationList = 0AB44A221E918AE800957285 /* Build configuration list for PBXNativeTarget "GetThereUITests" */;
			buildPhases = (
				0AB44A0F1E918AE800957285 /* Sources */,
				0AB44A101E918AE800957285 /* Frameworks */,
				0AB44A111E918AE800957285 /* Resources */,
			);
			buildRules = (
			);
			dependencies = (
				0AB44A151E918AE800957285 /* PBXTargetDependency */,
			);
			name = GetThereUITests;
			productName = GetThereUITests;
			productReference = 0AB44A131E918AE800957285 /* GetThereUITests.xctest */;
			productType = "com.apple.product-type.bundle.ui-testing";
		};
		0AB44A581E91971200957285 /* GetThereUI */ = {
			isa = PBXNativeTarget;
			buildConfigurationList = 0AB44A701E91971200957285 /* Build configuration list for PBXNativeTarget "GetThereUI" */;
			buildPhases = (
				0AB44A541E91971200957285 /* Sources */,
				0AB44A551E91971200957285 /* Frameworks */,
				0AB44A561E91971200957285 /* Headers */,
				0AB44A571E91971200957285 /* Resources */,
			);
			buildRules = (
			);
			dependencies = (
			);
			name = GetThereUI;
			productName = GetThereUI;
			productReference = 0AB44A591E91971200957285 /* GetThereUI.framework */;
			productType = "com.apple.product-type.framework";
		};
		0AB44A601E91971200957285 /* GetThereUITests */ = {
			isa = PBXNativeTarget;
			buildConfigurationList = 0AB44A741E91971200957285 /* Build configuration list for PBXNativeTarget "GetThereUITests" */;
			buildPhases = (
				0AB44A5D1E91971200957285 /* Sources */,
				0AB44A5E1E91971200957285 /* Frameworks */,
				0AB44A5F1E91971200957285 /* Resources */,
			);
			buildRules = (
			);
			dependencies = (
				0AB44A641E91971200957285 /* PBXTargetDependency */,
				0AB44A661E91971200957285 /* PBXTargetDependency */,
			);
			name = GetThereUITests;
			productName = GetThereUITests;
			productReference = 0AB44A611E91971200957285 /* GetThereUITests.xctest */;
			productType = "com.apple.product-type.bundle.unit-test";
		};
/* End PBXNativeTarget section */

/* Begin PBXProject section */
		0AB449EC1E918AE800957285 /* Project object */ = {
			isa = PBXProject;
			attributes = {
				LastSwiftUpdateCheck = 0830;
				LastUpgradeCheck = 0830;
				ORGANIZATIONNAME = SideApps;
				TargetAttributes = {
					0AB449F31E918AE800957285 = {
						CreatedOnToolsVersion = 8.3;
						DevelopmentTeam = S7BT87895F;
						ProvisioningStyle = Automatic;
					};
					0AB44A071E918AE800957285 = {
						CreatedOnToolsVersion = 8.3;
						DevelopmentTeam = S7BT87895F;
						ProvisioningStyle = Automatic;
						TestTargetID = 0AB449F31E918AE800957285;
					};
					0AB44A121E918AE800957285 = {
						CreatedOnToolsVersion = 8.3;
						DevelopmentTeam = S7BT87895F;
						ProvisioningStyle = Automatic;
						TestTargetID = 0AB449F31E918AE800957285;
					};
					0AB44A581E91971200957285 = {
						CreatedOnToolsVersion = 8.3;
						DevelopmentTeam = S7BT87895F;
						LastSwiftMigration = 0830;
						ProvisioningStyle = Automatic;
					};
					0AB44A601E91971200957285 = {
						CreatedOnToolsVersion = 8.3;
						DevelopmentTeam = S7BT87895F;
						ProvisioningStyle = Automatic;
						TestTargetID = 0AB449F31E918AE800957285;
					};
				};
			};
			buildConfigurationList = 0AB449EF1E918AE800957285 /* Build configuration list for PBXProject "GetThere" */;
			compatibilityVersion = "Xcode 3.2";
			developmentRegion = English;
			hasScannedForEncodings = 0;
			knownRegions = (
				en,
				Base,
			);
			mainGroup = 0AB449EB1E918AE800957285;
			productRefGroup = 0AB449F51E918AE800957285 /* Products */;
			projectDirPath = "";
			projectRoot = "";
			targets = (
				0AB449F31E918AE800957285 /* GetThere */,
				0AB44A071E918AE800957285 /* GetThereTests */,
				0AB44A121E918AE800957285 /* GetThereUITests */,
				0AB44A581E91971200957285 /* GetThereUI */,
				0AB44A601E91971200957285 /* GetThereUITests */,
			);
		};
/* End PBXProject section */

/* Begin PBXResourcesBuildPhase section */
		0AB449F21E918AE800957285 /* Resources */ = {
			isa = PBXResourcesBuildPhase;
			buildActionMask = 2147483647;
			files = (
				0AB44A021E918AE800957285 /* LaunchScreen.storyboard in Resources */,
				0AB44A3D1E918D5500957285 /* GoogleService-Info.plist in Resources */,
				0AB449FF1E918AE800957285 /* Assets.xcassets in Resources */,
				0AB449FD1E918AE800957285 /* Main.storyboard in Resources */,
			);
			runOnlyForDeploymentPostprocessing = 0;
		};
		0AB44A061E918AE800957285 /* Resources */ = {
			isa = PBXResourcesBuildPhase;
			buildActionMask = 2147483647;
			files = (
			);
			runOnlyForDeploymentPostprocessing = 0;
		};
		0AB44A111E918AE800957285 /* Resources */ = {
			isa = PBXResourcesBuildPhase;
			buildActionMask = 2147483647;
			files = (
			);
			runOnlyForDeploymentPostprocessing = 0;
		};
		0AB44A571E91971200957285 /* Resources */ = {
			isa = PBXResourcesBuildPhase;
			buildActionMask = 2147483647;
			files = (
			);
			runOnlyForDeploymentPostprocessing = 0;
		};
		0AB44A5F1E91971200957285 /* Resources */ = {
			isa = PBXResourcesBuildPhase;
			buildActionMask = 2147483647;
			files = (
			);
			runOnlyForDeploymentPostprocessing = 0;
		};
/* End PBXResourcesBuildPhase section */

/* Begin PBXSourcesBuildPhase section */
		0AB449F01E918AE800957285 /* Sources */ = {
			isa = PBXSourcesBuildPhase;
			buildActionMask = 2147483647;
			files = (
				0AB449FA1E918AE800957285 /* ViewController.swift in Sources */,
				0AB449F81E918AE800957285 /* AppDelegate.swift in Sources */,
			);
			runOnlyForDeploymentPostprocessing = 0;
		};
		0AB44A041E918AE800957285 /* Sources */ = {
			isa = PBXSourcesBuildPhase;
			buildActionMask = 2147483647;
			files = (
				0AB44A0D1E918AE800957285 /* GetThereTests.swift in Sources */,
			);
			runOnlyForDeploymentPostprocessing = 0;
		};
		0AB44A0F1E918AE800957285 /* Sources */ = {
			isa = PBXSourcesBuildPhase;
			buildActionMask = 2147483647;
			files = (
				0AB44A181E918AE800957285 /* GetThereUITests.swift in Sources */,
			);
			runOnlyForDeploymentPostprocessing = 0;
		};
		0AB44A541E91971200957285 /* Sources */ = {
			isa = PBXSourcesBuildPhase;
			buildActionMask = 2147483647;
			files = (
				0AB44A7C1E91984700957285 /* Paint.swift in Sources */,
				0AB44A781E91975000957285 /* PaintedView.swift in Sources */,
			);
			runOnlyForDeploymentPostprocessing = 0;
		};
		0AB44A5D1E91971200957285 /* Sources */ = {
			isa = PBXSourcesBuildPhase;
			buildActionMask = 2147483647;
			files = (
				0AB44A691E91971200957285 /* GetThereUITests.swift in Sources */,
			);
			runOnlyForDeploymentPostprocessing = 0;
		};
/* End PBXSourcesBuildPhase section */

/* Begin PBXTargetDependency section */
		0AB44A0A1E918AE800957285 /* PBXTargetDependency */ = {
			isa = PBXTargetDependency;
			target = 0AB449F31E918AE800957285 /* GetThere */;
			targetProxy = 0AB44A091E918AE800957285 /* PBXContainerItemProxy */;
		};
		0AB44A151E918AE800957285 /* PBXTargetDependency */ = {
			isa = PBXTargetDependency;
			target = 0AB449F31E918AE800957285 /* GetThere */;
			targetProxy = 0AB44A141E918AE800957285 /* PBXContainerItemProxy */;
		};
		0AB44A641E91971200957285 /* PBXTargetDependency */ = {
			isa = PBXTargetDependency;
			target = 0AB44A581E91971200957285 /* GetThereUI */;
			targetProxy = 0AB44A631E91971200957285 /* PBXContainerItemProxy */;
		};
		0AB44A661E91971200957285 /* PBXTargetDependency */ = {
			isa = PBXTargetDependency;
			target = 0AB449F31E918AE800957285 /* GetThere */;
			targetProxy = 0AB44A651E91971200957285 /* PBXContainerItemProxy */;
		};
		0AB44A6D1E91971200957285 /* PBXTargetDependency */ = {
			isa = PBXTargetDependency;
			target = 0AB44A581E91971200957285 /* GetThereUI */;
			targetProxy = 0AB44A6C1E91971200957285 /* PBXContainerItemProxy */;
		};
/* End PBXTargetDependency section */

/* Begin PBXVariantGroup section */
		0AB449FB1E918AE800957285 /* Main.storyboard */ = {
			isa = PBXVariantGroup;
			children = (
				0AB449FC1E918AE800957285 /* Base */,
			);
			name = Main.storyboard;
			sourceTree = "<group>";
		};
		0AB44A001E918AE800957285 /* LaunchScreen.storyboard */ = {
			isa = PBXVariantGroup;
			children = (
				0AB44A011E918AE800957285 /* Base */,
			);
			name = LaunchScreen.storyboard;
			sourceTree = "<group>";
		};
/* End PBXVariantGroup section */

/* Begin XCBuildConfiguration section */
		0AB44A1A1E918AE800957285 /* Debug */ = {
			isa = XCBuildConfiguration;
			buildSettings = {
				ALWAYS_SEARCH_USER_PATHS = NO;
				CLANG_ANALYZER_NONNULL = YES;
				CLANG_ANALYZER_NUMBER_OBJECT_CONVERSION = YES_AGGRESSIVE;
				CLANG_CXX_LANGUAGE_STANDARD = "gnu++0x";
				CLANG_CXX_LIBRARY = "libc++";
				CLANG_ENABLE_MODULES = YES;
				CLANG_ENABLE_OBJC_ARC = YES;
				CLANG_WARN_BOOL_CONVERSION = YES;
				CLANG_WARN_CONSTANT_CONVERSION = YES;
				CLANG_WARN_DIRECT_OBJC_ISA_USAGE = YES_ERROR;
				CLANG_WARN_DOCUMENTATION_COMMENTS = YES;
				CLANG_WARN_EMPTY_BODY = YES;
				CLANG_WARN_ENUM_CONVERSION = YES;
				CLANG_WARN_INFINITE_RECURSION = YES;
				CLANG_WARN_INT_CONVERSION = YES;
				CLANG_WARN_OBJC_ROOT_CLASS = YES_ERROR;
				CLANG_WARN_SUSPICIOUS_MOVE = YES;
				CLANG_WARN_UNREACHABLE_CODE = YES;
				CLANG_WARN__DUPLICATE_METHOD_MATCH = YES;
				"CODE_SIGN_IDENTITY[sdk=iphoneos*]" = "iPhone Developer";
				COPY_PHASE_STRIP = NO;
				DEBUG_INFORMATION_FORMAT = dwarf;
				ENABLE_STRICT_OBJC_MSGSEND = YES;
				ENABLE_TESTABILITY = YES;
				GCC_C_LANGUAGE_STANDARD = gnu99;
				GCC_DYNAMIC_NO_PIC = NO;
				GCC_NO_COMMON_BLOCKS = YES;
				GCC_OPTIMIZATION_LEVEL = 0;
				GCC_PREPROCESSOR_DEFINITIONS = (
					"DEBUG=1",
					"$(inherited)",
				);
				GCC_WARN_64_TO_32_BIT_CONVERSION = YES;
				GCC_WARN_ABOUT_RETURN_TYPE = YES_ERROR;
				GCC_WARN_UNDECLARED_SELECTOR = YES;
				GCC_WARN_UNINITIALIZED_AUTOS = YES_AGGRESSIVE;
				GCC_WARN_UNUSED_FUNCTION = YES;
				GCC_WARN_UNUSED_VARIABLE = YES;
				IPHONEOS_DEPLOYMENT_TARGET = 10.3;
				MTL_ENABLE_DEBUG_INFO = YES;
				ONLY_ACTIVE_ARCH = YES;
				SDKROOT = iphoneos;
				SWIFT_ACTIVE_COMPILATION_CONDITIONS = DEBUG;
				SWIFT_OPTIMIZATION_LEVEL = "-Onone";
				TARGETED_DEVICE_FAMILY = "1,2";
			};
			name = Debug;
		};
		0AB44A1B1E918AE800957285 /* Release */ = {
			isa = XCBuildConfiguration;
			buildSettings = {
				ALWAYS_SEARCH_USER_PATHS = NO;
				CLANG_ANALYZER_NONNULL = YES;
				CLANG_ANALYZER_NUMBER_OBJECT_CONVERSION = YES_AGGRESSIVE;
				CLANG_CXX_LANGUAGE_STANDARD = "gnu++0x";
				CLANG_CXX_LIBRARY = "libc++";
				CLANG_ENABLE_MODULES = YES;
				CLANG_ENABLE_OBJC_ARC = YES;
				CLANG_WARN_BOOL_CONVERSION = YES;
				CLANG_WARN_CONSTANT_CONVERSION = YES;
				CLANG_WARN_DIRECT_OBJC_ISA_USAGE = YES_ERROR;
				CLANG_WARN_DOCUMENTATION_COMMENTS = YES;
				CLANG_WARN_EMPTY_BODY = YES;
				CLANG_WARN_ENUM_CONVERSION = YES;
				CLANG_WARN_INFINITE_RECURSION = YES;
				CLANG_WARN_INT_CONVERSION = YES;
				CLANG_WARN_OBJC_ROOT_CLASS = YES_ERROR;
				CLANG_WARN_SUSPICIOUS_MOVE = YES;
				CLANG_WARN_UNREACHABLE_CODE = YES;
				CLANG_WARN__DUPLICATE_METHOD_MATCH = YES;
				"CODE_SIGN_IDENTITY[sdk=iphoneos*]" = "iPhone Developer";
				COPY_PHASE_STRIP = NO;
				DEBUG_INFORMATION_FORMAT = "dwarf-with-dsym";
				ENABLE_NS_ASSERTIONS = NO;
				ENABLE_STRICT_OBJC_MSGSEND = YES;
				GCC_C_LANGUAGE_STANDARD = gnu99;
				GCC_NO_COMMON_BLOCKS = YES;
				GCC_WARN_64_TO_32_BIT_CONVERSION = YES;
				GCC_WARN_ABOUT_RETURN_TYPE = YES_ERROR;
				GCC_WARN_UNDECLARED_SELECTOR = YES;
				GCC_WARN_UNINITIALIZED_AUTOS = YES_AGGRESSIVE;
				GCC_WARN_UNUSED_FUNCTION = YES;
				GCC_WARN_UNUSED_VARIABLE = YES;
				IPHONEOS_DEPLOYMENT_TARGET = 10.3;
				MTL_ENABLE_DEBUG_INFO = NO;
				SDKROOT = iphoneos;
				SWIFT_OPTIMIZATION_LEVEL = "-Owholemodule";
				TARGETED_DEVICE_FAMILY = "1,2";
				VALIDATE_PRODUCT = YES;
			};
			name = Release;
		};
		0AB44A1D1E918AE800957285 /* Debug */ = {
			isa = XCBuildConfiguration;
			buildSettings = {
				ALWAYS_EMBED_SWIFT_STANDARD_LIBRARIES = YES;
				ASSETCATALOG_COMPILER_APPICON_NAME = AppIcon;
				DEVELOPMENT_TEAM = S7BT87895F;
				FRAMEWORK_SEARCH_PATHS = (
					"$(inherited)",
					"$(PROJECT_DIR)/GetThere/Frameworks/Firebase",
					"$(PROJECT_DIR)/GetThere",
				);
				HEADER_SEARCH_PATHS = "$(SRCROOT)/GetThere";
				INFOPLIST_FILE = GetThere/Info.plist;
				LD_RUNPATH_SEARCH_PATHS = "$(inherited) @executable_path/Frameworks";
				OTHER_LDFLAGS = "-ObjC";
				PRODUCT_BUNDLE_IDENTIFIER = com.sideapps.GetThere;
				PRODUCT_NAME = "$(TARGET_NAME)";
				SWIFT_VERSION = 3.0;
			};
			name = Debug;
		};
		0AB44A1E1E918AE800957285 /* Release */ = {
			isa = XCBuildConfiguration;
			buildSettings = {
				ALWAYS_EMBED_SWIFT_STANDARD_LIBRARIES = YES;
				ASSETCATALOG_COMPILER_APPICON_NAME = AppIcon;
				DEVELOPMENT_TEAM = S7BT87895F;
				FRAMEWORK_SEARCH_PATHS = (
					"$(inherited)",
					"$(PROJECT_DIR)/GetThere/Frameworks/Firebase",
					"$(PROJECT_DIR)/GetThere",
				);
				HEADER_SEARCH_PATHS = "$(SRCROOT)/GetThere";
				INFOPLIST_FILE = GetThere/Info.plist;
				LD_RUNPATH_SEARCH_PATHS = "$(inherited) @executable_path/Frameworks";
				OTHER_LDFLAGS = "-ObjC";
				PRODUCT_BUNDLE_IDENTIFIER = com.sideapps.GetThere;
				PRODUCT_NAME = "$(TARGET_NAME)";
				SWIFT_VERSION = 3.0;
			};
			name = Release;
		};
		0AB44A201E918AE800957285 /* Debug */ = {
			isa = XCBuildConfiguration;
			buildSettings = {
				ALWAYS_EMBED_SWIFT_STANDARD_LIBRARIES = YES;
				BUNDLE_LOADER = "$(TEST_HOST)";
				DEVELOPMENT_TEAM = S7BT87895F;
				INFOPLIST_FILE = GetThereTests/Info.plist;
				LD_RUNPATH_SEARCH_PATHS = "$(inherited) @executable_path/Frameworks @loader_path/Frameworks";
				PRODUCT_BUNDLE_IDENTIFIER = com.sideapps.GetThereTests;
				PRODUCT_NAME = "$(TARGET_NAME)";
				SWIFT_VERSION = 3.0;
				TEST_HOST = "$(BUILT_PRODUCTS_DIR)/GetThere.app/GetThere";
			};
			name = Debug;
		};
		0AB44A211E918AE800957285 /* Release */ = {
			isa = XCBuildConfiguration;
			buildSettings = {
				ALWAYS_EMBED_SWIFT_STANDARD_LIBRARIES = YES;
				BUNDLE_LOADER = "$(TEST_HOST)";
				DEVELOPMENT_TEAM = S7BT87895F;
				INFOPLIST_FILE = GetThereTests/Info.plist;
				LD_RUNPATH_SEARCH_PATHS = "$(inherited) @executable_path/Frameworks @loader_path/Frameworks";
				PRODUCT_BUNDLE_IDENTIFIER = com.sideapps.GetThereTests;
				PRODUCT_NAME = "$(TARGET_NAME)";
				SWIFT_VERSION = 3.0;
				TEST_HOST = "$(BUILT_PRODUCTS_DIR)/GetThere.app/GetThere";
			};
			name = Release;
		};
		0AB44A231E918AE800957285 /* Debug */ = {
			isa = XCBuildConfiguration;
			buildSettings = {
				ALWAYS_EMBED_SWIFT_STANDARD_LIBRARIES = YES;
				DEVELOPMENT_TEAM = S7BT87895F;
				INFOPLIST_FILE = GetThereUITests/Info.plist;
				LD_RUNPATH_SEARCH_PATHS = "$(inherited) @executable_path/Frameworks @loader_path/Frameworks";
				PRODUCT_BUNDLE_IDENTIFIER = com.sideapps.GetThereUITests;
				PRODUCT_NAME = "$(TARGET_NAME)";
				SWIFT_VERSION = 3.0;
				TEST_TARGET_NAME = GetThere;
			};
			name = Debug;
		};
		0AB44A241E918AE800957285 /* Release */ = {
			isa = XCBuildConfiguration;
			buildSettings = {
				ALWAYS_EMBED_SWIFT_STANDARD_LIBRARIES = YES;
				DEVELOPMENT_TEAM = S7BT87895F;
				INFOPLIST_FILE = GetThereUITests/Info.plist;
				LD_RUNPATH_SEARCH_PATHS = "$(inherited) @executable_path/Frameworks @loader_path/Frameworks";
				PRODUCT_BUNDLE_IDENTIFIER = com.sideapps.GetThereUITests;
				PRODUCT_NAME = "$(TARGET_NAME)";
				SWIFT_VERSION = 3.0;
				TEST_TARGET_NAME = GetThere;
			};
			name = Release;
		};
		0AB44A711E91971200957285 /* Debug */ = {
			isa = XCBuildConfiguration;
			buildSettings = {
				CLANG_ENABLE_MODULES = YES;
				CODE_SIGN_IDENTITY = "";
				CURRENT_PROJECT_VERSION = 1;
				DEFINES_MODULE = YES;
				DEVELOPMENT_TEAM = S7BT87895F;
				DYLIB_COMPATIBILITY_VERSION = 1;
				DYLIB_CURRENT_VERSION = 1;
				DYLIB_INSTALL_NAME_BASE = "@rpath";
				INFOPLIST_FILE = GetThereUI/Info.plist;
				INSTALL_PATH = "$(LOCAL_LIBRARY_DIR)/Frameworks";
				LD_RUNPATH_SEARCH_PATHS = "$(inherited) @executable_path/Frameworks @loader_path/Frameworks";
				PRODUCT_BUNDLE_IDENTIFIER = com.sideapps.GetThereUI;
				PRODUCT_NAME = "$(TARGET_NAME)";
				SKIP_INSTALL = YES;
				SWIFT_OPTIMIZATION_LEVEL = "-Onone";
				SWIFT_VERSION = 3.0;
				VERSIONING_SYSTEM = "apple-generic";
				VERSION_INFO_PREFIX = "";
			};
			name = Debug;
		};
		0AB44A721E91971200957285 /* Release */ = {
			isa = XCBuildConfiguration;
			buildSettings = {
				CLANG_ENABLE_MODULES = YES;
				CODE_SIGN_IDENTITY = "";
				CURRENT_PROJECT_VERSION = 1;
				DEFINES_MODULE = YES;
				DEVELOPMENT_TEAM = S7BT87895F;
				DYLIB_COMPATIBILITY_VERSION = 1;
				DYLIB_CURRENT_VERSION = 1;
				DYLIB_INSTALL_NAME_BASE = "@rpath";
				INFOPLIST_FILE = GetThereUI/Info.plist;
				INSTALL_PATH = "$(LOCAL_LIBRARY_DIR)/Frameworks";
				LD_RUNPATH_SEARCH_PATHS = "$(inherited) @executable_path/Frameworks @loader_path/Frameworks";
				PRODUCT_BUNDLE_IDENTIFIER = com.sideapps.GetThereUI;
				PRODUCT_NAME = "$(TARGET_NAME)";
				SKIP_INSTALL = YES;
				SWIFT_VERSION = 3.0;
				VERSIONING_SYSTEM = "apple-generic";
				VERSION_INFO_PREFIX = "";
			};
			name = Release;
		};
		0AB44A751E91971200957285 /* Debug */ = {
			isa = XCBuildConfiguration;
			buildSettings = {
				ALWAYS_EMBED_SWIFT_STANDARD_LIBRARIES = YES;
				DEVELOPMENT_TEAM = S7BT87895F;
				INFOPLIST_FILE = GetThereUITests/Info.plist;
				LD_RUNPATH_SEARCH_PATHS = "$(inherited) @executable_path/Frameworks @loader_path/Frameworks";
				PRODUCT_BUNDLE_IDENTIFIER = com.sideapps.GetThereUITests;
				PRODUCT_NAME = "$(TARGET_NAME)";
				SWIFT_VERSION = 3.0;
				TEST_HOST = "$(BUILT_PRODUCTS_DIR)/GetThere.app/GetThere";
			};
			name = Debug;
		};
		0AB44A761E91971200957285 /* Release */ = {
			isa = XCBuildConfiguration;
			buildSettings = {
				ALWAYS_EMBED_SWIFT_STANDARD_LIBRARIES = YES;
				DEVELOPMENT_TEAM = S7BT87895F;
				INFOPLIST_FILE = GetThereUITests/Info.plist;
				LD_RUNPATH_SEARCH_PATHS = "$(inherited) @executable_path/Frameworks @loader_path/Frameworks";
				PRODUCT_BUNDLE_IDENTIFIER = com.sideapps.GetThereUITests;
				PRODUCT_NAME = "$(TARGET_NAME)";
				SWIFT_VERSION = 3.0;
				TEST_HOST = "$(BUILT_PRODUCTS_DIR)/GetThere.app/GetThere";
			};
			name = Release;
		};
/* End XCBuildConfiguration section */

/* Begin XCConfigurationList section */
		0AB449EF1E918AE800957285 /* Build configuration list for PBXProject "GetThere" */ = {
			isa = XCConfigurationList;
			buildConfigurations = (
				0AB44A1A1E918AE800957285 /* Debug */,
				0AB44A1B1E918AE800957285 /* Release */,
			);
			defaultConfigurationIsVisible = 0;
			defaultConfigurationName = Release;
		};
		0AB44A1C1E918AE800957285 /* Build configuration list for PBXNativeTarget "GetThere" */ = {
			isa = XCConfigurationList;
			buildConfigurations = (
				0AB44A1D1E918AE800957285 /* Debug */,
				0AB44A1E1E918AE800957285 /* Release */,
			);
			defaultConfigurationIsVisible = 0;
			defaultConfigurationName = Release;
		};
		0AB44A1F1E918AE800957285 /* Build configuration list for PBXNativeTarget "GetThereTests" */ = {
			isa = XCConfigurationList;
			buildConfigurations = (
				0AB44A201E918AE800957285 /* Debug */,
				0AB44A211E918AE800957285 /* Release */,
			);
			defaultConfigurationIsVisible = 0;
			defaultConfigurationName = Release;
		};
		0AB44A221E918AE800957285 /* Build configuration list for PBXNativeTarget "GetThereUITests" */ = {
			isa = XCConfigurationList;
			buildConfigurations = (
				0AB44A231E918AE800957285 /* Debug */,
				0AB44A241E918AE800957285 /* Release */,
			);
			defaultConfigurationIsVisible = 0;
			defaultConfigurationName = Release;
		};
		0AB44A701E91971200957285 /* Build configuration list for PBXNativeTarget "GetThereUI" */ = {
			isa = XCConfigurationList;
			buildConfigurations = (
				0AB44A711E91971200957285 /* Debug */,
				0AB44A721E91971200957285 /* Release */,
			);
			defaultConfigurationIsVisible = 0;
		};
		0AB44A741E91971200957285 /* Build configuration list for PBXNativeTarget "GetThereUITests" */ = {
			isa = XCConfigurationList;
			buildConfigurations = (
				0AB44A751E91971200957285 /* Debug */,
				0AB44A761E91971200957285 /* Release */,
			);
			defaultConfigurationIsVisible = 0;
		};
/* End XCConfigurationList section */
	};
	rootObject = 0AB449EC1E918AE800957285 /* Project object */;
}
